{
    "_meta": {
        "hash": {
            "sha256": "855b0b45f78fe9183f7fa823c4042b07e3b203eaec437908e3b9767c9e2661dc"
        },
        "pipfile-spec": 6,
        "requires": {
            "python_version": "3.12"
        },
        "sources": [
            {
                "name": "pypi",
                "url": "https://pypi.org/simple",
                "verify_ssl": true
            }
        ]
    },
    "default": {},
    "develop": {}
}
