# generated by rye
# use `rye lock` or `rye sync` to update this lockfile
#
# last locked with the following flags:
#   pre: false
#   features: []
#   all-features: false
#   with-sources: false
#   generate-hashes: false
#   universal: true

-e file:.
-e file:megaparse/sdk
aiohappyeyeballs==2.4.3
    # via aiohttp
aiohttp==3.10.10
    # via llama-index-core
aiosignal==1.3.1
    # via aiohttp
annotated-types==0.7.0
    # via pydantic
anyio==4.6.2.post1
    # via httpx
appnope==0.1.4 ; platform_system == 'Darwin'
    # via ipykernel
asttokens==2.4.1
    # via stack-data
attrs==24.2.0
    # via aiohttp
black==24.10.0
    # via flake8-black
certifi==2024.8.30
    # via httpcore
    # via httpx
    # via requests
cffi==1.17.1 ; implementation_name == 'pypy'
    # via pyzmq
cfgv==3.4.0
    # via pre-commit
charset-normalizer==3.4.0
    # via requests
click==8.1.7
    # via black
    # via llama-parse
    # via nltk
colorama==0.4.6 ; sys_platform == 'win32' or platform_system == 'Windows'
    # via click
    # via ipython
    # via pytest
    # via tqdm
comm==0.2.2
    # via ipykernel
coverage==7.6.4
    # via pytest-cov
dataclasses-json==0.6.7
    # via llama-index-core
debugpy==1.8.7
    # via ipykernel
decorator==5.1.1
    # via ipython
deprecated==1.2.14
    # via llama-index-core
dirtyjson==1.0.8
    # via llama-index-core
distlib==0.3.9
    # via virtualenv
execnet==2.1.1
    # via pytest-xdist
executing==2.1.0
    # via stack-data
filelock==3.16.1
    # via virtualenv
flake8==7.1.1
    # via flake8-black
flake8-black==0.3.6
frozenlist==1.5.0
    # via aiohttp
    # via aiosignal
fsspec==2024.10.0
    # via llama-index-core
greenlet==3.1.1
    # via sqlalchemy
h11==0.14.0
    # via httpcore
httpcore==1.0.6
    # via httpx
httpx==0.27.2
    # via llama-index-core
    # via megaparse-sdk
identify==2.6.1
    # via pre-commit
idna==3.10
    # via anyio
    # via httpx
    # via requests
    # via yarl
iniconfig==2.0.0
    # via pytest
ipykernel==6.29.5
ipython==8.29.0
    # via ipykernel
jedi==0.19.1
    # via ipython
joblib==1.4.2
    # via nltk
jupyter-client==8.6.3
    # via ipykernel
jupyter-core==5.7.2
    # via ipykernel
    # via jupyter-client
llama-index-core==0.11.22
    # via llama-parse
llama-parse==0.5.13
    # via megaparse-sdk
marshmallow==3.23.1
    # via dataclasses-json
matplotlib-inline==0.1.7
    # via ipykernel
    # via ipython
mccabe==0.7.0
    # via flake8
multidict==6.1.0
    # via aiohttp
    # via yarl
mypy==1.13.0
mypy-extensions==1.0.0
    # via black
    # via mypy
    # via typing-inspect
nest-asyncio==1.6.0
    # via ipykernel
    # via llama-index-core
networkx==3.4.2
    # via llama-index-core
nltk==3.9.1
    # via llama-index-core
nodeenv==1.9.1
    # via pre-commit
numpy==1.26.4
    # via llama-index-core
packaging==24.1
    # via black
    # via ipykernel
    # via marshmallow
    # via pytest
parso==0.8.4
    # via jedi
pathspec==0.12.1
    # via black
pexpect==4.9.0 ; sys_platform != 'emscripten' and sys_platform != 'win32'
    # via ipython
pillow==11.0.0
    # via llama-index-core
platformdirs==4.3.6
    # via black
    # via jupyter-core
    # via virtualenv
pluggy==1.5.0
    # via pytest
pre-commit==4.0.1
prompt-toolkit==3.0.48
    # via ipython
propcache==0.2.0
    # via yarl
psutil==6.1.0
    # via ipykernel
    # via megaparse-sdk
ptyprocess==0.7.0 ; sys_platform != 'emscripten' and sys_platform != 'win32'
    # via pexpect
pure-eval==0.2.3
    # via stack-data
pycodestyle==2.12.1
    # via flake8
pycparser==2.22 ; implementation_name == 'pypy'
    # via cffi
pycryptodome==3.21.0
    # via megaparse-sdk
pydantic==2.9.2
    # via llama-index-core
pydantic-core==2.23.4
    # via pydantic
pyflakes==3.2.0
    # via flake8
pygments==2.18.0
    # via ipython
pytest==8.3.3
    # via pytest-asyncio
    # via pytest-cov
    # via pytest-xdist
pytest-asyncio==0.24.0
pytest-cov==6.0.0
pytest-xdist==3.6.1
python-dateutil==2.9.0.post0
    # via jupyter-client
python-dotenv==1.0.1
    # via megaparse
    # via megaparse-sdk
pywin32==308 ; platform_python_implementation != 'PyPy' and sys_platform == 'win32'
    # via jupyter-core
pyyaml==6.0.2
    # via llama-index-core
    # via pre-commit
pyzmq==26.2.0
    # via ipykernel
    # via jupyter-client
regex==2024.9.11
    # via nltk
    # via tiktoken
requests==2.32.3
    # via llama-index-core
    # via tiktoken
ruff==0.7.2
six==1.16.0
    # via asttokens
    # via python-dateutil
sniffio==1.3.1
    # via anyio
    # via httpx
sqlalchemy==2.0.36
    # via llama-index-core
stack-data==0.6.3
    # via ipython
tenacity==8.5.0
    # via llama-index-core
tiktoken==0.8.0
    # via llama-index-core
tornado==6.4.1
    # via ipykernel
    # via jupyter-client
tqdm==4.67.0
    # via llama-index-core
    # via nltk
traitlets==5.14.3
    # via comm
    # via ipykernel
    # via ipython
    # via jupyter-client
    # via jupyter-core
    # via matplotlib-inline
typing-extensions==4.12.2
    # via ipython
    # via llama-index-core
    # via mypy
    # via pydantic
    # via pydantic-core
    # via sqlalchemy
    # via typing-inspect
typing-inspect==0.9.0
    # via dataclasses-json
    # via llama-index-core
urllib3==2.2.3
    # via requests
virtualenv==20.27.1
    # via pre-commit
wcwidth==0.2.13
    # via prompt-toolkit
wrapt==1.16.0
    # via deprecated
    # via llama-index-core
yarl==1.17.1
    # via aiohttp
